
Microsoft Visual Studio Solution File, Format Version 12.00
Project("{FAE04EC0-301F-11D3-BF4B-00C04F79EFBC}") = "Beehive.Api", "Beehive.Api\Beehive.Api.csproj", "{628F8D68-D1E8-4241-AAF8-C9F3D860CE17}"
EndProject
Project("{FAE04EC0-301F-11D3-BF4B-00C04F79EFBC}") = "Beehive.Api.Test", "Beehive.Api.Test\Beehive.Api.Test.csproj", "{5BE62BCE-5755-455E-9B8A-DC091311E213}"
EndProject
Project("{FAE04EC0-301F-11D3-BF4B-00C04F79EFBC}") = "Beehive.Api2", "Beehive.Api2\Beehive.Api2.csproj", "{6DF82258-2C5B-4007-809E-4DF6102FBBBA}"
EndProject
Project("{FAE04EC0-301F-11D3-BF4B-00C04F79EFBC}") = "Beehive.Api2.Test", "Beehive.Api2.Test\Beehive.Api2.Test.csproj", "{DA657FBD-97A4-40A7-B16B-766740062B49}"
EndProject
Global
	GlobalSection(SolutionConfigurationPlatforms) = preSolution
		Debug|Any CPU = Debug|Any CPU
		Release|Any CPU = Release|Any CPU
	EndGlobalSection
	GlobalSection(ProjectConfigurationPlatforms) = postSolution
		{628F8D68-D1E8-4241-AAF8-C9F3D860CE17}.Debug|Any CPU.ActiveCfg = Debug|Any CPU
		{628F8D68-D1E8-4241-AAF8-C9F3D860CE17}.Debug|Any CPU.Build.0 = Debug|Any CPU
		{628F8D68-D1E8-4241-AAF8-C9F3D860CE17}.Release|Any CPU.ActiveCfg = Release|Any CPU
		{628F8D68-D1E8-4241-AAF8-C9F3D860CE17}.Release|Any CPU.Build.0 = Release|Any CPU
		{5BE62BCE-5755-455E-9B8A-DC091311E213}.Debug|Any CPU.ActiveCfg = Debug|Any CPU
		{5BE62BCE-5755-455E-9B8A-DC091311E213}.Debug|Any CPU.Build.0 = Debug|Any CPU
		{5BE62BCE-5755-455E-9B8A-DC091311E213}.Release|Any CPU.ActiveCfg = Release|Any CPU
		{5BE62BCE-5755-455E-9B8A-DC091311E213}.Release|Any CPU.Build.0 = Release|Any CPU
		{6DF82258-2C5B-4007-809E-4DF6102FBBBA}.Debug|Any CPU.ActiveCfg = Debug|Any CPU
		{6DF82258-2C5B-4007-809E-4DF6102FBBBA}.Debug|Any CPU.Build.0 = Debug|Any CPU
		{6DF82258-2C5B-4007-809E-4DF6102FBBBA}.Release|Any CPU.ActiveCfg = Release|Any CPU
		{6DF82258-2C5B-4007-809E-4DF6102FBBBA}.Release|Any CPU.Build.0 = Release|Any CPU
		{DA657FBD-97A4-40A7-B16B-766740062B49}.Debug|Any CPU.ActiveCfg = Debug|Any CPU
		{DA657FBD-97A4-40A7-B16B-766740062B49}.Debug|Any CPU.Build.0 = Debug|Any CPU
		{DA657FBD-97A4-40A7-B16B-766740062B49}.Release|Any CPU.ActiveCfg = Release|Any CPU
		{DA657FBD-97A4-40A7-B16B-766740062B49}.Release|Any CPU.Build.0 = Release|Any CPU
	EndGlobalSection
EndGlobal
